
Microsoft Visual Studio Solution File, Format Version 12.00
# Visual Studio 15
VisualStudioVersion = 15.0.28010.2050
MinimumVisualStudioVersion = 10.0.40219.1
Project("{9A19103F-16F7-4668-BE54-9A1E7A4F7556}") = "Helper", "src\Helper\Helper.csproj", "{647DEC97-D93E-4ED2-AE94-CB00B57DC89F}"
EndProject
Project("{2150E333-8FDC-42A3-9474-1A3956D46DE8}") = "Solution Items", "Solution Items", "{9637E102-BD71-4580-9B6C-1D4DECF12BE1}"
	ProjectSection(SolutionItems) = preProject
		.gitignore = .gitignore
		CODE_OF_CONDUCT.md = CODE_OF_CONDUCT.md
		CODE_STYLES.md = CODE_STYLES.md
		CONTRIBUTING.md = CONTRIBUTING.md
		DESCRIPTION.md = DESCRIPTION.md
		Helper.ruleset = Helper.ruleset
		Helper.sln.licenseheader = Helper.sln.licenseheader
		LICENSE.md = LICENSE.md
		README.md = README.md
	EndProjectSection
EndProject
Project("{9A19103F-16F7-4668-BE54-9A1E7A4F7556}") = "Helper.Tests", "test\Helper\Helper.Tests.csproj", "{26280FF1-0333-488C-A7BE-B92BEF7281BC}"
EndProject
Project("{FAE04EC0-301F-11D3-BF4B-00C04F79EFBC}") = "Controls", "src\Controls\Controls.csproj", "{D3C13B99-E4F8-438F-AAE1-C2FD8897A90A}"
EndProject
Global
	GlobalSection(SolutionConfigurationPlatforms) = preSolution
		Debug|Any CPU = Debug|Any CPU
		Release|Any CPU = Release|Any CPU
	EndGlobalSection
	GlobalSection(ProjectConfigurationPlatforms) = postSolution
		{647DEC97-D93E-4ED2-AE94-CB00B57DC89F}.Debug|Any CPU.ActiveCfg = Debug|Any CPU
		{647DEC97-D93E-4ED2-AE94-CB00B57DC89F}.Debug|Any CPU.Build.0 = Debug|Any CPU
		{647DEC97-D93E-4ED2-AE94-CB00B57DC89F}.Release|Any CPU.ActiveCfg = Release|Any CPU
		{647DEC97-D93E-4ED2-AE94-CB00B57DC89F}.Release|Any CPU.Build.0 = Release|Any CPU
		{26280FF1-0333-488C-A7BE-B92BEF7281BC}.Debug|Any CPU.ActiveCfg = Debug|Any CPU
		{26280FF1-0333-488C-A7BE-B92BEF7281BC}.Debug|Any CPU.Build.0 = Debug|Any CPU
		{26280FF1-0333-488C-A7BE-B92BEF7281BC}.Release|Any CPU.ActiveCfg = Release|Any CPU
		{26280FF1-0333-488C-A7BE-B92BEF7281BC}.Release|Any CPU.Build.0 = Release|Any CPU
		{D3C13B99-E4F8-438F-AAE1-C2FD8897A90A}.Debug|Any CPU.ActiveCfg = Debug|Any CPU
		{D3C13B99-E4F8-438F-AAE1-C2FD8897A90A}.Debug|Any CPU.Build.0 = Debug|Any CPU
		{D3C13B99-E4F8-438F-AAE1-C2FD8897A90A}.Release|Any CPU.ActiveCfg = Release|Any CPU
		{D3C13B99-E4F8-438F-AAE1-C2FD8897A90A}.Release|Any CPU.Build.0 = Release|Any CPU
	EndGlobalSection
	GlobalSection(SolutionProperties) = preSolution
		HideSolutionNode = FALSE
	EndGlobalSection
	GlobalSection(ExtensibilityGlobals) = postSolution
		SolutionGuid = {8D4309D1-4BEF-4502-815F-D60B4779DB2B}
	EndGlobalSection
EndGlobal
